
Microsoft Visual Studio Solution File, Format Version 12.00
# Visual Studio 15
VisualStudioVersion = 15.0.28307.168
MinimumVisualStudioVersion = 10.0.40219.1
Project("{FAE04EC0-301F-11D3-BF4B-00C04F79EFBC}") = "WebFormPractice", "WebFormPractice\WebFormPractice.csproj", "{13E7883F-3C69-40B8-AEDD-833062378B59}"
EndProject
Global
	GlobalSection(SolutionConfigurationPlatforms) = preSolution
		Debug|Any CPU = Debug|Any CPU
		Release|Any CPU = Release|Any CPU
	EndGlobalSection
	GlobalSection(ProjectConfigurationPlatforms) = postSolution
		{13E7883F-3C69-40B8-AEDD-833062378B59}.Debug|Any CPU.ActiveCfg = Debug|Any CPU
		{13E7883F-3C69-40B8-AEDD-833062378B59}.Debug|Any CPU.Build.0 = Debug|Any CPU
		{13E7883F-3C69-40B8-AEDD-833062378B59}.Release|Any CPU.ActiveCfg = Release|Any CPU
		{13E7883F-3C69-40B8-AEDD-833062378B59}.Release|Any CPU.Build.0 = Release|Any CPU
	EndGlobalSection
	GlobalSection(SolutionProperties) = preSolution
		HideSolutionNode = FALSE
	EndGlobalSection
	GlobalSection(ExtensibilityGlobals) = postSolution
		SolutionGuid = {8563A7CD-F8C4-48C5-B973-41EE0B37F58D}
	EndGlobalSection
EndGlobal
